
Microsoft Visual Studio Solution File, Format Version 12.00
# Visual Studio 14
VisualStudioVersion = 14.0.25420.1
MinimumVisualStudioVersion = 10.0.40219.1
Project("{FAE04EC0-301F-11D3-BF4B-00C04F79EFBC}") = "HueLightEmulator", "HueLightEmulator.csproj", "{C5380AC1-392A-406C-A11B-41617095B810}"
EndProject
Global
	GlobalSection(SolutionConfigurationPlatforms) = preSolution
		Debug|Any CPU = Debug|Any CPU
		Release|Any CPU = Release|Any CPU
	EndGlobalSection
	GlobalSection(ProjectConfigurationPlatforms) = postSolution
		{C5380AC1-392A-406C-A11B-41617095B810}.Debug|Any CPU.ActiveCfg = Debug|Any CPU
		{C5380AC1-392A-406C-A11B-41617095B810}.Debug|Any CPU.Build.0 = Debug|Any CPU
		{C5380AC1-392A-406C-A11B-41617095B810}.Release|Any CPU.ActiveCfg = Release|Any CPU
		{C5380AC1-392A-406C-A11B-41617095B810}.Release|Any CPU.Build.0 = Release|Any CPU
	EndGlobalSection
	GlobalSection(SolutionProperties) = preSolution
		HideSolutionNode = FALSE
	EndGlobalSection
	GlobalSection(TeamFoundationVersionControl) = preSolution
		SccNumberOfProjects = 2
		SccEnterpriseProvider = {4CA58AB2-18FA-4F8D-95D4-32DDF27D184C}
		SccTeamFoundationServer = http://ristretto.kluit.net:8080/tfs/kluitnet
		SccProjectUniqueName0 = HueLightEmulator.csproj
		SccLocalPath0 = .
		SccLocalPath1 = .
	EndGlobalSection
EndGlobal
